<?xml version="1.0" encoding="utf-8"?>
<Project ToolsVersion="4.0" xmlns="http://schemas.microsoft.com/developer/msbuild/2003">
  <ItemGroup>
    <Filter Include="Pliki źródłowe">
      <UniqueIdentifier>{4FC737F1-C7A5-4376-A066-2A32D752A2FF}</UniqueIdentifier>
      <Extensions>cpp;c;cc;cxx;def;odl;idl;hpj;bat;asm;asmx</Extensions>
    </Filter>
    <Filter Include="Pliki nagłówkowe">
      <UniqueIdentifier>{93995380-89BD-4b04-88EB-625FBE52EBFB}</UniqueIdentifier>
      <Extensions>h;hh;hpp;hxx;hm;inl;inc;xsd</Extensions>
    </Filter>
    <Filter Include="Pliki zasobów">
      <UniqueIdentifier>{67DA6AB6-F800-4c08-8B7A-83BB121AAD01}</UniqueIdentifier>
      <Extensions>rc;ico;cur;bmp;dlg;rc2;rct;bin;rgs;gif;jpg;jpeg;jpe;resx;tiff;tif;png;wav;mfcribbon-ms</Extensions>
    </Filter>
    <Filter Include="Core">
      <UniqueIdentifier>{644d3cd6-8b96-4c2c-b616-0879bc3eaa86}</UniqueIdentifier>
    </Filter>
    <Filter Include="Rendering">
      <UniqueIdentifier>{7afddfd9-af09-46b9-82dd-e328d2404e74}</UniqueIdentifier>
    </Filter>
    <Filter Include="Rendering\OpenGL">
      <UniqueIdentifier>{88827ed0-243e-4dfd-826a-9a33f7d464c0}</UniqueIdentifier>
    </Filter>
    <Filter Include="Rendering\Base">
      <UniqueIdentifier>{19849d3a-a310-43bb-8291-166fa6fea7f5}</UniqueIdentifier>
    </Filter>
    <Filter Include="Utils">
      <UniqueIdentifier>{d338beb7-f1e7-42e6-8496-729df37a5bac}</UniqueIdentifier>
    </Filter>
    <Filter Include="Shaders">
      <UniqueIdentifier>{903e6e2c-668d-4009-aca9-cecbac7b7be8}</UniqueIdentifier>
    </Filter>
    <Filter Include="EntitySystem">
      <UniqueIdentifier>{3e5f42ba-2a46-4850-a21e-9af91ded930c}</UniqueIdentifier>
    </Filter>
    <Filter Include="Math">
      <UniqueIdentifier>{5ff63495-87ba-486b-b2b4-2d6c8267d6aa}</UniqueIdentifier>
    </Filter>
  </ItemGroup>
  <ItemGroup>
    <ClInclude Include="resource.h">
      <Filter>Pliki nagłówkowe</Filter>
    </ClInclude>
    <ClInclude Include="Code\EntitySystem\Component.hpp">
      <Filter>EntitySystem</Filter>
    </ClInclude>
    <ClInclude Include="Code\EntitySystem\Entity.hpp">
      <Filter>EntitySystem</Filter>
    </ClInclude>
    <ClInclude Include="Code\Core\Engine.hpp">
      <Filter>Core</Filter>
    </ClInclude>
    <ClInclude Include="Code\Core\Mesh.hpp">
      <Filter>Core</Filter>
    </ClInclude>
    <ClInclude Include="Code\Core\Resource.hpp">
      <Filter>Core</Filter>
    </ClInclude>
    <ClInclude Include="Code\Core\ResourceManager.hpp">
      <Filter>Core</Filter>
    </ClInclude>
    <ClInclude Include="Code\Core\ResourceMap.hpp">
      <Filter>Core</Filter>
    </ClInclude>
    <ClInclude Include="Code\Core\Transform.hpp">
      <Filter>Core</Filter>
    </ClInclude>
    <ClInclude Include="Code\Math\Vector2.hpp">
      <Filter>Math</Filter>
    </ClInclude>
    <ClInclude Include="Code\Math\Vector3.hpp">
      <Filter>Math</Filter>
    </ClInclude>
    <ClInclude Include="Code\Rendering\Base\GpuProgram.hpp">
      <Filter>Rendering\Base</Filter>
    </ClInclude>
    <ClInclude Include="Code\Rendering\Base\Window.hpp">
      <Filter>Rendering\Base</Filter>
    </ClInclude>
    <ClInclude Include="Code\Rendering\OpenGL\GLGpuProgram.hpp">
      <Filter>Rendering\OpenGL</Filter>
    </ClInclude>
    <ClInclude Include="Code\Rendering\OpenGL\GLRenderElement.hpp">
      <Filter>Rendering\OpenGL</Filter>
    </ClInclude>
    <ClInclude Include="Code\Rendering\OpenGL\GLVertexBuffer.hpp">
      <Filter>Rendering\OpenGL</Filter>
    </ClInclude>
    <ClInclude Include="Code\Rendering\OpenGL\GLWindow.hpp">
      <Filter>Rendering\OpenGL</Filter>
    </ClInclude>
    <ClInclude Include="Code\Rendering\OpenGL\SDLWindow.hpp">
      <Filter>Rendering\OpenGL</Filter>
    </ClInclude>
    <ClInclude Include="Code\Utils\FileReader.hpp">
      <Filter>Utils</Filter>
    </ClInclude>
    <ClInclude Include="Code\Utils\HashUtils.hpp">
      <Filter>Utils</Filter>
    </ClInclude>
    <ClInclude Include="Code\Utils\ObjLoader.hpp">
      <Filter>Utils</Filter>
    </ClInclude>
    <ClInclude Include="Code\Rendering\Base\RenderingSystem.hpp">
      <Filter>Rendering\Base</Filter>
    </ClInclude>
  </ItemGroup>
  <ItemGroup>
    <ClCompile Include="Code\EntitySystem\Component.cpp">
      <Filter>EntitySystem</Filter>
    </ClCompile>
    <ClCompile Include="Code\EntitySystem\Entity.cpp">
      <Filter>EntitySystem</Filter>
    </ClCompile>
    <ClCompile Include="Code\Core\Engine.cpp">
      <Filter>Core</Filter>
    </ClCompile>
    <ClCompile Include="Code\Core\Mesh.cpp">
      <Filter>Core</Filter>
    </ClCompile>
    <ClCompile Include="Code\Core\Resource.cpp">
      <Filter>Core</Filter>
    </ClCompile>
    <ClCompile Include="Code\Core\ResourceManager.cpp">
      <Filter>Core</Filter>
    </ClCompile>
    <ClCompile Include="Code\Core\Transform.cpp">
      <Filter>Core</Filter>
    </ClCompile>
    <ClCompile Include="Code\Rendering\Base\GpuProgram.cpp">
      <Filter>Rendering\Base</Filter>
    </ClCompile>
    <ClCompile Include="Code\Rendering\OpenGL\GLGpuProgram.cpp">
      <Filter>Rendering\OpenGL</Filter>
    </ClCompile>
    <ClCompile Include="Code\Rendering\OpenGL\GLRenderElement.cpp">
      <Filter>Rendering\OpenGL</Filter>
    </ClCompile>
    <ClCompile Include="Code\Rendering\OpenGL\GLVertexBuffer.cpp">
      <Filter>Rendering\OpenGL</Filter>
    </ClCompile>
    <ClCompile Include="Code\Rendering\OpenGL\GLWindow.cpp">
      <Filter>Rendering\OpenGL</Filter>
    </ClCompile>
    <ClCompile Include="Code\Rendering\OpenGL\SDLWindow.cpp">
      <Filter>Rendering\OpenGL</Filter>
    </ClCompile>
    <ClCompile Include="Code\Utils\FileReader.cpp">
      <Filter>Utils</Filter>
    </ClCompile>
    <ClCompile Include="Code\Utils\HashUtils.cpp">
      <Filter>Utils</Filter>
    </ClCompile>
    <ClCompile Include="Code\Utils\ObjLoader.cpp">
      <Filter>Utils</Filter>
    </ClCompile>
    <ClCompile Include="Code\Rendering\Base\RenderingSystem.cpp">
      <Filter>Rendering\Base</Filter>
    </ClCompile>
  </ItemGroup>
</Project>